github.com/ebitengine/purego v0.6.0-alpha.1.0.20231118171415-63c6fec935c5 h1:yi8prWU9muoK5wqNcMX2dXxiIeflbKRs8NeVhX+cH0I=
github.com/ebitengine/purego v0.6.0-alpha.1.0.20231118171415-63c6fec935c5/go.mod h1:ah1In8AOtksoNK6yk5z1HTJeUkC1Ez4Wk2idgGslMwQ=
golang.org/x/sys v0.14.0 h1:Vz7Qs629MkJkGyHxUlRHizWJRG2j8fbQKjELVSNhy7Q=
golang.org/x/sys v0.14.0/go.mod h1:/VUhepiaJMQUp4+oa/7Zr1D23ma6VTLIYjOOTFZPUcA=
