github.com/gen2brain/raylib-go/easings v0.0.0-20231021203613-2d673bb5f4b3 h1:X96BFLT5c40DnZM8RKlyE6QC37IreaZbA/+ww6JCm4g=
github.com/gen2brain/raylib-go/easings v0.0.0-20231021203613-2d673bb5f4b3/go.mod h1:UuXithI7f7GZ22PJtaZDXHzWzdXx0OCyuxaakj9gt9k=
github.com/gen2brain/raylib-go/physics v0.0.0-20231021203613-2d673bb5f4b3 h1:TYu6QaR/DPgFgoluAUUj5Iftn76bjXCmCTYAlt5UHaU=
github.com/gen2brain/raylib-go/physics v0.0.0-20231021203613-2d673bb5f4b3/go.mod h1:ViQH1zqfv7oSbhxKUWDV5JgnYHHkf/DGQ9HrVNEPTd0=
github.com/gen2brain/raylib-go/raygui v0.0.0-20231021203613-2d673bb5f4b3 h1:LYkdSAU1c6r4PZaYPGb9HC5ph+ndBErukpGwQCvxGc4=
github.com/gen2brain/raylib-go/raygui v0.0.0-20231021203613-2d673bb5f4b3/go.mod h1:uYchFLZ2wwfI+gRV8i0qHk6DKk5ZL/6VNrY/Nmzw5Ps=
github.com/gen2brain/raylib-go/raylib v0.0.0-20231021203613-2d673bb5f4b3 h1:wbY2Fut4NYPoeVDidD+WthGT1g+Ou9+Mywy5TYtrJt0=
github.com/gen2brain/raylib-go/raylib v0.0.0-20231021203613-2d673bb5f4b3/go.mod h1:AwtGA3aTtYdezNxEVbfchaLw/z+CuRDh2Mlxy0FbBro=
github.com/jakecoffman/cp v1.2.1 h1:zkhc2Gpo9l4NLUZfeG3j33+3bQD7MkqPa+n5PdX+5mI=
github.com/jakecoffman/cp v1.2.1/go.mod h1:JjY/Fp6d8E1CHnu74gWNnU0+b9VzEdUVPoJxg2PsTQg=
github.com/neguse/go-box2d-lite v0.0.0-20170921151050-5d8ed9b7272b h1:+67TGbwfgeB5o03Rx+ZBW44zAQ+wUujcwdRA0p9CbJI=
github.com/neguse/go-box2d-lite v0.0.0-20170921151050-5d8ed9b7272b/go.mod h1:kvKwD9codtns5mvpA53V3vLnqFb/Ahcu8zgkGM0SIbI=
