github.com/gen2brain/raylib-go/easings v0.0.0-20230131162822-963c891c4eb9 h1:1YY9EBOIC9qFkK7c9gVGoewHwU6cbtb4wNkK0ep3dZE=
github.com/gen2brain/raylib-go/easings v0.0.0-20230131162822-963c891c4eb9/go.mod h1:UuXithI7f7GZ22PJtaZDXHzWzdXx0OCyuxaakj9gt9k=
github.com/gen2brain/raylib-go/physics v0.0.0-20230213074819-8447b37c5045 h1:tLiRrmYVWy8edoQUJHQVJ7OpsGbI8g5wb8LmnC9kMJA=
github.com/gen2brain/raylib-go/physics v0.0.0-20230213074819-8447b37c5045/go.mod h1:N7U+1rttAIXn8WuwnTvJQhoHngeky4BYt9DEncAc7gY=
github.com/gen2brain/raylib-go/raygui v0.0.0-20230213080948-62ed2c37987e h1:SUf81o+ifUHhLA8jRhqB6RUiDDSGdrPx6isuDGBj7h0=
github.com/gen2brain/raylib-go/raygui v0.0.0-20230213080948-62ed2c37987e/go.mod h1:J0E4kCPKmmxA3IitNzHaHLEs2iMfB1yzQRX1C/EmCD4=
github.com/gen2brain/raylib-go/raylib v0.0.0-20230213080948-62ed2c37987e h1:F8CXD07YyDSday3LqHSbhdevWGoBRLkMAVpz2Dkv1Rw=
github.com/gen2brain/raylib-go/raylib v0.0.0-20230213080948-62ed2c37987e/go.mod h1:+NbsqGlEQqGqrsgJFF5Yj2dkvn0ML2SQb8RqM2hJsPU=
github.com/jakecoffman/cp v1.2.1 h1:zkhc2Gpo9l4NLUZfeG3j33+3bQD7MkqPa+n5PdX+5mI=
github.com/jakecoffman/cp v1.2.1/go.mod h1:JjY/Fp6d8E1CHnu74gWNnU0+b9VzEdUVPoJxg2PsTQg=
github.com/neguse/go-box2d-lite v0.0.0-20170921151050-5d8ed9b7272b h1:+67TGbwfgeB5o03Rx+ZBW44zAQ+wUujcwdRA0p9CbJI=
github.com/neguse/go-box2d-lite v0.0.0-20170921151050-5d8ed9b7272b/go.mod h1:kvKwD9codtns5mvpA53V3vLnqFb/Ahcu8zgkGM0SIbI=
